// !$*UTF8*$!
{
	archiveVersion = 1;
	classes = {
	};
	objectVersion = 55;
	objects = {

/* Begin PBXBuildFile section */
		0D1F96F42AF256FB00227904 /* MyRootViewController.swift in Sources */ = {isa = PBXBuildFile; fileRef = 0D1F96F32AF256FB00227904 /* MyRootViewController.swift */; };
		0D5235242AEF9AD2002E55B7 /* GoogleService-Info.plist in Resources */ = {isa = PBXBuildFile; fileRef = 0D5235232AEF9AD2002E55B7 /* GoogleService-Info.plist */; };
		0D5235272AEF9AE7002E55B7 /* UsersModel.swift in Sources */ = {isa = PBXBuildFile; fileRef = 0D5235262AEF9AE7002E55B7 /* UsersModel.swift */; };
		0D84BFF02ACBF9B500AFA3D1 /* Slides.xib in Resources */ = {isa = PBXBuildFile; fileRef = 0D968B272ACBF52C001A1CBF /* Slides.xib */; };
		0D84BFF12ACBF9B800AFA3D1 /* Slides.swift in Sources */ = {isa = PBXBuildFile; fileRef = 0D968B282ACBF52C001A1CBF /* Slides.swift */; };
		0D8919EE2AF8C8CA0085BBB9 /* ProfileTableViewController.swift in Sources */ = {isa = PBXBuildFile; fileRef = 0D8919ED2AF8C8CA0085BBB9 /* ProfileTableViewController.swift */; };
		0D8B5ECD2AFA183600AA1EDE /* GenresModel.swift in Sources */ = {isa = PBXBuildFile; fileRef = 0D8B5ECC2AFA183600AA1EDE /* GenresModel.swift */; };
		0D8B5ECF2AFA186900AA1EDE /* PlatformModel.swift in Sources */ = {isa = PBXBuildFile; fileRef = 0D8B5ECE2AFA186900AA1EDE /* PlatformModel.swift */; };
		0D8B5ED22AFA189600AA1EDE /* GameModel.swift in Sources */ = {isa = PBXBuildFile; fileRef = 0D8B5ED12AFA189600AA1EDE /* GameModel.swift */; };
		0D8BA3632AF49F8200A8A9EC /* TabBarController.swift in Sources */ = {isa = PBXBuildFile; fileRef = 0D8BA3622AF49F8200A8A9EC /* TabBarController.swift */; };
		0D8FD0342AFA398400C2F748 /* AlternateTitles.swift in Sources */ = {isa = PBXBuildFile; fileRef = 0D8FD0332AFA398400C2F748 /* AlternateTitles.swift */; };
		0D968B232ACBF368001A1CBF /* LoginControllerViewController.swift in Sources */ = {isa = PBXBuildFile; fileRef = 0D968B222ACBF368001A1CBF /* LoginControllerViewController.swift */; };
		0D99948C2ACFB0E3004BFA71 /* Signup_VC.swift in Sources */ = {isa = PBXBuildFile; fileRef = 0D99948B2ACFB0E3004BFA71 /* Signup_VC.swift */; };
		0D9E976A2AEF9EB500DAFF3C /* AuthViewModel.swift in Sources */ = {isa = PBXBuildFile; fileRef = 0D9E97692AEF9EB500DAFF3C /* AuthViewModel.swift */; };
		0DBCB52D2ACA9E9A00084934 /* AppDelegate.swift in Sources */ = {isa = PBXBuildFile; fileRef = 0DBCB52C2ACA9E9A00084934 /* AppDelegate.swift */; };
		0DBCB52F2ACA9E9A00084934 /* SceneDelegate.swift in Sources */ = {isa = PBXBuildFile; fileRef = 0DBCB52E2ACA9E9A00084934 /* SceneDelegate.swift */; };
		0DBCB5312ACA9E9A00084934 /* ViewController.swift in Sources */ = {isa = PBXBuildFile; fileRef = 0DBCB5302ACA9E9A00084934 /* ViewController.swift */; };
		0DBCB5362ACA9E9B00084934 /* Assets.xcassets in Resources */ = {isa = PBXBuildFile; fileRef = 0DBCB5352ACA9E9B00084934 /* Assets.xcassets */; };
		0DBCB5392ACA9E9B00084934 /* LaunchScreen.storyboard in Resources */ = {isa = PBXBuildFile; fileRef = 0DBCB5372ACA9E9B00084934 /* LaunchScreen.storyboard */; };
		0DBCB5422ACAC02000084934 /* Main.storyboard in Resources */ = {isa = PBXBuildFile; fileRef = 0DBCB5322ACA9E9A00084934 /* Main.storyboard */; };
		0DE0CE7C2AFA21DD00B849EC /* Cover.swift in Sources */ = {isa = PBXBuildFile; fileRef = 0DE0CE7B2AFA21DD00B849EC /* Cover.swift */; };
		0DE0CE7E2AFA221300B849EC /* Screenshot.swift in Sources */ = {isa = PBXBuildFile; fileRef = 0DE0CE7D2AFA221300B849EC /* Screenshot.swift */; };
		0DE0CE802AFA242C00B849EC /* GameService.swift in Sources */ = {isa = PBXBuildFile; fileRef = 0DE0CE7F2AFA242C00B849EC /* GameService.swift */; };
		B14AB3DC6BA3887738DCB21C /* Pods_Booster.framework in Frameworks */ = {isa = PBXBuildFile; fileRef = D78D09642F392B8ED40BBC78 /* Pods_Booster.framework */; };
		E6A97C212B00C1D70034C1CE /* CollectionItemGame.xib in Resources */ = {isa = PBXBuildFile; fileRef = E6A97C202B00C1D70034C1CE /* CollectionItemGame.xib */; };
		E6A97C232B00C1EB0034C1CE /* CollectionItemGame.swift in Sources */ = {isa = PBXBuildFile; fileRef = E6A97C222B00C1EB0034C1CE /* CollectionItemGame.swift */; };
/* End PBXBuildFile section */

/* Begin PBXFileReference section */
		0D1F96F32AF256FB00227904 /* MyRootViewController.swift */ = {isa = PBXFileReference; lastKnownFileType = sourcecode.swift; path = MyRootViewController.swift; sourceTree = "<group>"; };
		0D5235232AEF9AD2002E55B7 /* GoogleService-Info.plist */ = {isa = PBXFileReference; fileEncoding = 4; lastKnownFileType = text.plist.xml; path = "GoogleService-Info.plist"; sourceTree = "<group>"; };
		0D5235262AEF9AE7002E55B7 /* UsersModel.swift */ = {isa = PBXFileReference; lastKnownFileType = sourcecode.swift; path = UsersModel.swift; sourceTree = "<group>"; };
		0D8919ED2AF8C8CA0085BBB9 /* ProfileTableViewController.swift */ = {isa = PBXFileReference; lastKnownFileType = sourcecode.swift; path = ProfileTableViewController.swift; sourceTree = "<group>"; };
		0D8B5ECC2AFA183600AA1EDE /* GenresModel.swift */ = {isa = PBXFileReference; lastKnownFileType = sourcecode.swift; path = GenresModel.swift; sourceTree = "<group>"; };
		0D8B5ECE2AFA186900AA1EDE /* PlatformModel.swift */ = {isa = PBXFileReference; lastKnownFileType = sourcecode.swift; path = PlatformModel.swift; sourceTree = "<group>"; };
		0D8B5ED12AFA189600AA1EDE /* GameModel.swift */ = {isa = PBXFileReference; lastKnownFileType = sourcecode.swift; path = GameModel.swift; sourceTree = "<group>"; };
		0D8BA3622AF49F8200A8A9EC /* TabBarController.swift */ = {isa = PBXFileReference; lastKnownFileType = sourcecode.swift; path = TabBarController.swift; sourceTree = "<group>"; };
		0D8FD0332AFA398400C2F748 /* AlternateTitles.swift */ = {isa = PBXFileReference; lastKnownFileType = sourcecode.swift; path = AlternateTitles.swift; sourceTree = "<group>"; };
		0D968B222ACBF368001A1CBF /* LoginControllerViewController.swift */ = {isa = PBXFileReference; lastKnownFileType = sourcecode.swift; path = LoginControllerViewController.swift; sourceTree = "<group>"; };
		0D968B272ACBF52C001A1CBF /* Slides.xib */ = {isa = PBXFileReference; lastKnownFileType = file.xib; path = Slides.xib; sourceTree = "<group>"; };
		0D968B282ACBF52C001A1CBF /* Slides.swift */ = {isa = PBXFileReference; lastKnownFileType = sourcecode.swift; path = Slides.swift; sourceTree = "<group>"; };
		0D99948B2ACFB0E3004BFA71 /* Signup_VC.swift */ = {isa = PBXFileReference; lastKnownFileType = sourcecode.swift; path = Signup_VC.swift; sourceTree = "<group>"; };
		0D9E97692AEF9EB500DAFF3C /* AuthViewModel.swift */ = {isa = PBXFileReference; lastKnownFileType = sourcecode.swift; path = AuthViewModel.swift; sourceTree = "<group>"; };
		0DBCB5292ACA9E9A00084934 /* Booster.app */ = {isa = PBXFileReference; explicitFileType = wrapper.application; includeInIndex = 0; path = Booster.app; sourceTree = BUILT_PRODUCTS_DIR; };
		0DBCB52C2ACA9E9A00084934 /* AppDelegate.swift */ = {isa = PBXFileReference; lastKnownFileType = sourcecode.swift; path = AppDelegate.swift; sourceTree = "<group>"; };
		0DBCB52E2ACA9E9A00084934 /* SceneDelegate.swift */ = {isa = PBXFileReference; lastKnownFileType = sourcecode.swift; path = SceneDelegate.swift; sourceTree = "<group>"; };
		0DBCB5302ACA9E9A00084934 /* ViewController.swift */ = {isa = PBXFileReference; lastKnownFileType = sourcecode.swift; path = ViewController.swift; sourceTree = "<group>"; };
		0DBCB5332ACA9E9A00084934 /* Base */ = {isa = PBXFileReference; lastKnownFileType = file.storyboard; name = Base; path = Base.lproj/Main.storyboard; sourceTree = "<group>"; };
		0DBCB5352ACA9E9B00084934 /* Assets.xcassets */ = {isa = PBXFileReference; lastKnownFileType = folder.assetcatalog; path = Assets.xcassets; sourceTree = "<group>"; };
		0DBCB5382ACA9E9B00084934 /* Base */ = {isa = PBXFileReference; lastKnownFileType = file.storyboard; name = Base; path = Base.lproj/LaunchScreen.storyboard; sourceTree = "<group>"; };
		0DBCB53A2ACA9E9B00084934 /* Info.plist */ = {isa = PBXFileReference; lastKnownFileType = text.plist.xml; path = Info.plist; sourceTree = "<group>"; };
		0DE0CE7B2AFA21DD00B849EC /* Cover.swift */ = {isa = PBXFileReference; lastKnownFileType = sourcecode.swift; path = Cover.swift; sourceTree = "<group>"; };
		0DE0CE7D2AFA221300B849EC /* Screenshot.swift */ = {isa = PBXFileReference; lastKnownFileType = sourcecode.swift; path = Screenshot.swift; sourceTree = "<group>"; };
		0DE0CE7F2AFA242C00B849EC /* GameService.swift */ = {isa = PBXFileReference; lastKnownFileType = sourcecode.swift; path = GameService.swift; sourceTree = "<group>"; };
		726471E9FBCFCBB0F9A24411 /* Pods-Booster.debug.xcconfig */ = {isa = PBXFileReference; includeInIndex = 1; lastKnownFileType = text.xcconfig; name = "Pods-Booster.debug.xcconfig"; path = "Target Support Files/Pods-Booster/Pods-Booster.debug.xcconfig"; sourceTree = "<group>"; };
		D78D09642F392B8ED40BBC78 /* Pods_Booster.framework */ = {isa = PBXFileReference; explicitFileType = wrapper.framework; includeInIndex = 0; path = Pods_Booster.framework; sourceTree = BUILT_PRODUCTS_DIR; };
		E6A97C202B00C1D70034C1CE /* CollectionItemGame.xib */ = {isa = PBXFileReference; lastKnownFileType = file.xib; path = CollectionItemGame.xib; sourceTree = "<group>"; };
		E6A97C222B00C1EB0034C1CE /* CollectionItemGame.swift */ = {isa = PBXFileReference; lastKnownFileType = sourcecode.swift; path = CollectionItemGame.swift; sourceTree = "<group>"; };
		EF20FD24DE5A5E03C311D510 /* Pods-Booster.release.xcconfig */ = {isa = PBXFileReference; includeInIndex = 1; lastKnownFileType = text.xcconfig; name = "Pods-Booster.release.xcconfig"; path = "Target Support Files/Pods-Booster/Pods-Booster.release.xcconfig"; sourceTree = "<group>"; };
/* End PBXFileReference section */

/* Begin PBXFrameworksBuildPhase section */
		0DBCB5262ACA9E9A00084934 /* Frameworks */ = {
			isa = PBXFrameworksBuildPhase;
			buildActionMask = 2147483647;
			files = (
				B14AB3DC6BA3887738DCB21C /* Pods_Booster.framework in Frameworks */,
			);
			runOnlyForDeploymentPostprocessing = 0;
		};
/* End PBXFrameworksBuildPhase section */

/* Begin PBXGroup section */
		0D5235252AEF9AD8002E55B7 /* Models */ = {
			isa = PBXGroup;
			children = (
				0D5235262AEF9AE7002E55B7 /* UsersModel.swift */,
				0D9E97692AEF9EB500DAFF3C /* AuthViewModel.swift */,
				0D8B5ECC2AFA183600AA1EDE /* GenresModel.swift */,
				0D8B5ECE2AFA186900AA1EDE /* PlatformModel.swift */,
				0D8B5ED12AFA189600AA1EDE /* GameModel.swift */,
				0DE0CE7B2AFA21DD00B849EC /* Cover.swift */,
				0DE0CE7D2AFA221300B849EC /* Screenshot.swift */,
				0DE0CE7F2AFA242C00B849EC /* GameService.swift */,
				0D8FD0332AFA398400C2F748 /* AlternateTitles.swift */,
			);
			path = Models;
			sourceTree = "<group>";
		};
		0D968B262ACBF52C001A1CBF /* view */ = {
			isa = PBXGroup;
			children = (
				0D968B272ACBF52C001A1CBF /* Slides.xib */,
				0D968B282ACBF52C001A1CBF /* Slides.swift */,
				E6A97C202B00C1D70034C1CE /* CollectionItemGame.xib */,
				E6A97C222B00C1EB0034C1CE /* CollectionItemGame.swift */,
			);
			path = view;
			sourceTree = "<group>";
		};
		0DBCB5202ACA9E9900084934 = {
			isa = PBXGroup;
			children = (
				0DBCB52B2ACA9E9A00084934 /* Booster */,
				0DBCB52A2ACA9E9A00084934 /* Products */,
				AFEC02C553653E23718EAF28 /* Pods */,
				9AAAF152555BE0C34DAAEC59 /* Frameworks */,
			);
			sourceTree = "<group>";
		};
		0DBCB52A2ACA9E9A00084934 /* Products */ = {
			isa = PBXGroup;
			children = (
				0DBCB5292ACA9E9A00084934 /* Booster.app */,
			);
			name = Products;
			sourceTree = "<group>";
		};
		0DBCB52B2ACA9E9A00084934 /* Booster */ = {
			isa = PBXGroup;
			children = (
				0D5235252AEF9AD8002E55B7 /* Models */,
				E6D26D352AEB6434001E1A46 /* Delegates */,
				E6D26D332AEB63E7001E1A46 /* Controllers */,
				0D968B262ACBF52C001A1CBF /* view */,
				0DBCB5322ACA9E9A00084934 /* Main.storyboard */,
				0DBCB5352ACA9E9B00084934 /* Assets.xcassets */,
				0DBCB5372ACA9E9B00084934 /* LaunchScreen.storyboard */,
				0DBCB53A2ACA9E9B00084934 /* Info.plist */,
				0D5235232AEF9AD2002E55B7 /* GoogleService-Info.plist */,
			);
			path = Booster;
			sourceTree = "<group>";
		};
		9AAAF152555BE0C34DAAEC59 /* Frameworks */ = {
			isa = PBXGroup;
			children = (
				D78D09642F392B8ED40BBC78 /* Pods_Booster.framework */,
			);
			name = Frameworks;
			sourceTree = "<group>";
		};
		AFEC02C553653E23718EAF28 /* Pods */ = {
			isa = PBXGroup;
			children = (
				726471E9FBCFCBB0F9A24411 /* Pods-Booster.debug.xcconfig */,
				EF20FD24DE5A5E03C311D510 /* Pods-Booster.release.xcconfig */,
			);
			path = Pods;
			sourceTree = "<group>";
		};
		E6D26D332AEB63E7001E1A46 /* Controllers */ = {
			isa = PBXGroup;
			children = (
				0D968B222ACBF368001A1CBF /* LoginControllerViewController.swift */,
				0D99948B2ACFB0E3004BFA71 /* Signup_VC.swift */,
				0DBCB5302ACA9E9A00084934 /* ViewController.swift */,
				0D1F96F32AF256FB00227904 /* MyRootViewController.swift */,
				0D8BA3622AF49F8200A8A9EC /* TabBarController.swift */,
				0D8919ED2AF8C8CA0085BBB9 /* ProfileTableViewController.swift */,
			);
			path = Controllers;
			sourceTree = "<group>";
		};
		E6D26D352AEB6434001E1A46 /* Delegates */ = {
			isa = PBXGroup;
			children = (
				0DBCB52E2ACA9E9A00084934 /* SceneDelegate.swift */,
				0DBCB52C2ACA9E9A00084934 /* AppDelegate.swift */,
			);
			path = Delegates;
			sourceTree = "<group>";
		};
/* End PBXGroup section */

/* Begin PBXNativeTarget section */
		0DBCB5282ACA9E9A00084934 /* Booster */ = {
			isa = PBXNativeTarget;
			buildConfigurationList = 0DBCB53D2ACA9E9B00084934 /* Build configuration list for PBXNativeTarget "Booster" */;
			buildPhases = (
				3C6D18BB28216B4D2965FDCA /* [CP] Check Pods Manifest.lock */,
				0DBCB5252ACA9E9A00084934 /* Sources */,
				0DBCB5262ACA9E9A00084934 /* Frameworks */,
				0DBCB5272ACA9E9A00084934 /* Resources */,
				C1DE30D12D542629CC91B1AD /* [CP] Embed Pods Frameworks */,
			);
			buildRules = (
			);
			dependencies = (
			);
			name = Booster;
			productName = Booster;
			productReference = 0DBCB5292ACA9E9A00084934 /* Booster.app */;
			productType = "com.apple.product-type.application";
		};
/* End PBXNativeTarget section */

/* Begin PBXProject section */
		0DBCB5212ACA9E9900084934 /* Project object */ = {
			isa = PBXProject;
			attributes = {
				BuildIndependentTargetsInParallel = 1;
				LastSwiftUpdateCheck = 1340;
				LastUpgradeCheck = 1340;
				TargetAttributes = {
					0DBCB5282ACA9E9A00084934 = {
						CreatedOnToolsVersion = 13.4.1;
					};
				};
			};
			buildConfigurationList = 0DBCB5242ACA9E9900084934 /* Build configuration list for PBXProject "Booster" */;
			compatibilityVersion = "Xcode 13.0";
			developmentRegion = en;
			hasScannedForEncodings = 0;
			knownRegions = (
				en,
				Base,
			);
			mainGroup = 0DBCB5202ACA9E9900084934;
			productRefGroup = 0DBCB52A2ACA9E9A00084934 /* Products */;
			projectDirPath = "";
			projectRoot = "";
			targets = (
				0DBCB5282ACA9E9A00084934 /* Booster */,
			);
		};
/* End PBXProject section */

/* Begin PBXResourcesBuildPhase section */
		0DBCB5272ACA9E9A00084934 /* Resources */ = {
			isa = PBXResourcesBuildPhase;
			buildActionMask = 2147483647;
			files = (
				0DBCB5392ACA9E9B00084934 /* LaunchScreen.storyboard in Resources */,
				0DBCB5362ACA9E9B00084934 /* Assets.xcassets in Resources */,
				0D5235242AEF9AD2002E55B7 /* GoogleService-Info.plist in Resources */,
				0DBCB5422ACAC02000084934 /* Main.storyboard in Resources */,
				E6A97C212B00C1D70034C1CE /* CollectionItemGame.xib in Resources */,
				0D84BFF02ACBF9B500AFA3D1 /* Slides.xib in Resources */,
			);
			runOnlyForDeploymentPostprocessing = 0;
		};
/* End PBXResourcesBuildPhase section */

/* Begin PBXShellScriptBuildPhase section */
		3C6D18BB28216B4D2965FDCA /* [CP] Check Pods Manifest.lock */ = {
			isa = PBXShellScriptBuildPhase;
			buildActionMask = 2147483647;
			files = (
			);
			inputFileListPaths = (
			);
			inputPaths = (
				"${PODS_PODFILE_DIR_PATH}/Podfile.lock",
				"${PODS_ROOT}/Manifest.lock",
			);
			name = "[CP] Check Pods Manifest.lock";
			outputFileListPaths = (
			);
			outputPaths = (
				"$(DERIVED_FILE_DIR)/Pods-Booster-checkManifestLockResult.txt",
			);
			runOnlyForDeploymentPostprocessing = 0;
			shellPath = /bin/sh;
			shellScript = "diff \"${PODS_PODFILE_DIR_PATH}/Podfile.lock\" \"${PODS_ROOT}/Manifest.lock\" > /dev/null\nif [ $? != 0 ] ; then\n    # print error to STDERR\n    echo \"error: The sandbox is not in sync with the Podfile.lock. Run 'pod install' or update your CocoaPods installation.\" >&2\n    exit 1\nfi\n# This output is used by Xcode 'outputs' to avoid re-running this script phase.\necho \"SUCCESS\" > \"${SCRIPT_OUTPUT_FILE_0}\"\n";
			showEnvVarsInLog = 0;
		};
		C1DE30D12D542629CC91B1AD /* [CP] Embed Pods Frameworks */ = {
			isa = PBXShellScriptBuildPhase;
			buildActionMask = 2147483647;
			files = (
			);
			inputFileListPaths = (
			);
			inputPaths = (
				"${PODS_ROOT}/Target Support Files/Pods-Booster/Pods-Booster-frameworks.sh",
				"${BUILT_PRODUCTS_DIR}/Alamofire/Alamofire.framework",
				"${BUILT_PRODUCTS_DIR}/AlamofireImage/AlamofireImage.framework",
				"${BUILT_PRODUCTS_DIR}/FirebaseAppCheckInterop/FirebaseAppCheckInterop.framework",
				"${BUILT_PRODUCTS_DIR}/FirebaseAuth/FirebaseAuth.framework",
				"${BUILT_PRODUCTS_DIR}/FirebaseAuthInterop/FirebaseAuthInterop.framework",
				"${BUILT_PRODUCTS_DIR}/FirebaseCore/FirebaseCore.framework",
				"${BUILT_PRODUCTS_DIR}/FirebaseCoreExtension/FirebaseCoreExtension.framework",
				"${BUILT_PRODUCTS_DIR}/FirebaseCoreInternal/FirebaseCoreInternal.framework",
				"${BUILT_PRODUCTS_DIR}/FirebaseDatabase/FirebaseDatabase.framework",
				"${BUILT_PRODUCTS_DIR}/FirebaseStorage/FirebaseStorage.framework",
				"${BUILT_PRODUCTS_DIR}/GTMSessionFetcher/GTMSessionFetcher.framework",
				"${BUILT_PRODUCTS_DIR}/GoogleUtilities/GoogleUtilities.framework",
				"${BUILT_PRODUCTS_DIR}/PromisesObjC/FBLPromises.framework",
				"${BUILT_PRODUCTS_DIR}/RecaptchaInterop/RecaptchaInterop.framework",
				"${BUILT_PRODUCTS_DIR}/leveldb-library/leveldb.framework",
			);
			name = "[CP] Embed Pods Frameworks";
			outputFileListPaths = (
			);
			outputPaths = (
				"${TARGET_BUILD_DIR}/${FRAMEWORKS_FOLDER_PATH}/Alamofire.framework",
				"${TARGET_BUILD_DIR}/${FRAMEWORKS_FOLDER_PATH}/AlamofireImage.framework",
				"${TARGET_BUILD_DIR}/${FRAMEWORKS_FOLDER_PATH}/FirebaseAppCheckInterop.framework",
				"${TARGET_BUILD_DIR}/${FRAMEWORKS_FOLDER_PATH}/FirebaseAuth.framework",
				"${TARGET_BUILD_DIR}/${FRAMEWORKS_FOLDER_PATH}/FirebaseAuthInterop.framework",
				"${TARGET_BUILD_DIR}/${FRAMEWORKS_FOLDER_PATH}/FirebaseCore.framework",
				"${TARGET_BUILD_DIR}/${FRAMEWORKS_FOLDER_PATH}/FirebaseCoreExtension.framework",
				"${TARGET_BUILD_DIR}/${FRAMEWORKS_FOLDER_PATH}/FirebaseCoreInternal.framework",
				"${TARGET_BUILD_DIR}/${FRAMEWORKS_FOLDER_PATH}/FirebaseDatabase.framework",
				"${TARGET_BUILD_DIR}/${FRAMEWORKS_FOLDER_PATH}/FirebaseStorage.framework",
				"${TARGET_BUILD_DIR}/${FRAMEWORKS_FOLDER_PATH}/GTMSessionFetcher.framework",
				"${TARGET_BUILD_DIR}/${FRAMEWORKS_FOLDER_PATH}/GoogleUtilities.framework",
				"${TARGET_BUILD_DIR}/${FRAMEWORKS_FOLDER_PATH}/FBLPromises.framework",
				"${TARGET_BUILD_DIR}/${FRAMEWORKS_FOLDER_PATH}/RecaptchaInterop.framework",
				"${TARGET_BUILD_DIR}/${FRAMEWORKS_FOLDER_PATH}/leveldb.framework",
			);
			runOnlyForDeploymentPostprocessing = 0;
			shellPath = /bin/sh;
			shellScript = "\"${PODS_ROOT}/Target Support Files/Pods-Booster/Pods-Booster-frameworks.sh\"\n";
			showEnvVarsInLog = 0;
		};
/* End PBXShellScriptBuildPhase section */

/* Begin PBXSourcesBuildPhase section */
		0DBCB5252ACA9E9A00084934 /* Sources */ = {
			isa = PBXSourcesBuildPhase;
			buildActionMask = 2147483647;
			files = (
				0D99948C2ACFB0E3004BFA71 /* Signup_VC.swift in Sources */,
				0DE0CE7E2AFA221300B849EC /* Screenshot.swift in Sources */,
				0D968B232ACBF368001A1CBF /* LoginControllerViewController.swift in Sources */,
				0DBCB5312ACA9E9A00084934 /* ViewController.swift in Sources */,
				0D8B5ECD2AFA183600AA1EDE /* GenresModel.swift in Sources */,
				0DE0CE7C2AFA21DD00B849EC /* Cover.swift in Sources */,
				0D8BA3632AF49F8200A8A9EC /* TabBarController.swift in Sources */,
				0D8FD0342AFA398400C2F748 /* AlternateTitles.swift in Sources */,
				0DE0CE802AFA242C00B849EC /* GameService.swift in Sources */,
				0D8B5ED22AFA189600AA1EDE /* GameModel.swift in Sources */,
				0DBCB52D2ACA9E9A00084934 /* AppDelegate.swift in Sources */,
				0D9E976A2AEF9EB500DAFF3C /* AuthViewModel.swift in Sources */,
				0DBCB52F2ACA9E9A00084934 /* SceneDelegate.swift in Sources */,
				0D8B5ECF2AFA186900AA1EDE /* PlatformModel.swift in Sources */,
				0D84BFF12ACBF9B800AFA3D1 /* Slides.swift in Sources */,
				E6A97C232B00C1EB0034C1CE /* CollectionItemGame.swift in Sources */,
				0D1F96F42AF256FB00227904 /* MyRootViewController.swift in Sources */,
				0D8919EE2AF8C8CA0085BBB9 /* ProfileTableViewController.swift in Sources */,
				0D5235272AEF9AE7002E55B7 /* UsersModel.swift in Sources */,
			);
			runOnlyForDeploymentPostprocessing = 0;
		};
/* End PBXSourcesBuildPhase section */

/* Begin PBXVariantGroup section */
		0DBCB5322ACA9E9A00084934 /* Main.storyboard */ = {
			isa = PBXVariantGroup;
			children = (
				0DBCB5332ACA9E9A00084934 /* Base */,
			);
			name = Main.storyboard;
			sourceTree = "<group>";
		};
		0DBCB5372ACA9E9B00084934 /* LaunchScreen.storyboard */ = {
			isa = PBXVariantGroup;
			children = (
				0DBCB5382ACA9E9B00084934 /* Base */,
			);
			name = LaunchScreen.storyboard;
			sourceTree = "<group>";
		};
/* End PBXVariantGroup section */

/* Begin XCBuildConfiguration section */
		0DBCB53B2ACA9E9B00084934 /* Debug */ = {
			isa = XCBuildConfiguration;
			buildSettings = {
				ALWAYS_SEARCH_USER_PATHS = NO;
				CLANG_ANALYZER_NONNULL = YES;
				CLANG_ANALYZER_NUMBER_OBJECT_CONVERSION = YES_AGGRESSIVE;
				CLANG_CXX_LANGUAGE_STANDARD = "gnu++17";
				CLANG_ENABLE_MODULES = YES;
				CLANG_ENABLE_OBJC_ARC = YES;
				CLANG_ENABLE_OBJC_WEAK = YES;
				CLANG_WARN_BLOCK_CAPTURE_AUTORELEASING = YES;
				CLANG_WARN_BOOL_CONVERSION = YES;
				CLANG_WARN_COMMA = YES;
				CLANG_WARN_CONSTANT_CONVERSION = YES;
				CLANG_WARN_DEPRECATED_OBJC_IMPLEMENTATIONS = YES;
				CLANG_WARN_DIRECT_OBJC_ISA_USAGE = YES_ERROR;
				CLANG_WARN_DOCUMENTATION_COMMENTS = YES;
				CLANG_WARN_EMPTY_BODY = YES;
				CLANG_WARN_ENUM_CONVERSION = YES;
				CLANG_WARN_INFINITE_RECURSION = YES;
				CLANG_WARN_INT_CONVERSION = YES;
				CLANG_WARN_NON_LITERAL_NULL_CONVERSION = YES;
				CLANG_WARN_OBJC_IMPLICIT_RETAIN_SELF = YES;
				CLANG_WARN_OBJC_LITERAL_CONVERSION = YES;
				CLANG_WARN_OBJC_ROOT_CLASS = YES_ERROR;
				CLANG_WARN_QUOTED_INCLUDE_IN_FRAMEWORK_HEADER = YES;
				CLANG_WARN_RANGE_LOOP_ANALYSIS = YES;
				CLANG_WARN_STRICT_PROTOTYPES = YES;
				CLANG_WARN_SUSPICIOUS_MOVE = YES;
				CLANG_WARN_UNGUARDED_AVAILABILITY = YES_AGGRESSIVE;
				CLANG_WARN_UNREACHABLE_CODE = YES;
				CLANG_WARN__DUPLICATE_METHOD_MATCH = YES;
				COPY_PHASE_STRIP = NO;
				DEBUG_INFORMATION_FORMAT = dwarf;
				ENABLE_STRICT_OBJC_MSGSEND = YES;
				ENABLE_TESTABILITY = YES;
				GCC_C_LANGUAGE_STANDARD = gnu11;
				GCC_DYNAMIC_NO_PIC = NO;
				GCC_NO_COMMON_BLOCKS = YES;
				GCC_OPTIMIZATION_LEVEL = 0;
				GCC_PREPROCESSOR_DEFINITIONS = (
					"DEBUG=1",
					"$(inherited)",
				);
				GCC_WARN_64_TO_32_BIT_CONVERSION = YES;
				GCC_WARN_ABOUT_RETURN_TYPE = YES_ERROR;
				GCC_WARN_UNDECLARED_SELECTOR = YES;
				GCC_WARN_UNINITIALIZED_AUTOS = YES_AGGRESSIVE;
				GCC_WARN_UNUSED_FUNCTION = YES;
				GCC_WARN_UNUSED_VARIABLE = YES;
				IPHONEOS_DEPLOYMENT_TARGET = 15.5;
				MTL_ENABLE_DEBUG_INFO = INCLUDE_SOURCE;
				MTL_FAST_MATH = YES;
				ONLY_ACTIVE_ARCH = YES;
				SDKROOT = iphoneos;
				SWIFT_ACTIVE_COMPILATION_CONDITIONS = DEBUG;
				SWIFT_OPTIMIZATION_LEVEL = "-Onone";
			};
			name = Debug;
		};
		0DBCB53C2ACA9E9B00084934 /* Release */ = {
			isa = XCBuildConfiguration;
			buildSettings = {
				ALWAYS_SEARCH_USER_PATHS = NO;
				CLANG_ANALYZER_NONNULL = YES;
				CLANG_ANALYZER_NUMBER_OBJECT_CONVERSION = YES_AGGRESSIVE;
				CLANG_CXX_LANGUAGE_STANDARD = "gnu++17";
				CLANG_ENABLE_MODULES = YES;
				CLANG_ENABLE_OBJC_ARC = YES;
				CLANG_ENABLE_OBJC_WEAK = YES;
				CLANG_WARN_BLOCK_CAPTURE_AUTORELEASING = YES;
				CLANG_WARN_BOOL_CONVERSION = YES;
				CLANG_WARN_COMMA = YES;
				CLANG_WARN_CONSTANT_CONVERSION = YES;
				CLANG_WARN_DEPRECATED_OBJC_IMPLEMENTATIONS = YES;
				CLANG_WARN_DIRECT_OBJC_ISA_USAGE = YES_ERROR;
				CLANG_WARN_DOCUMENTATION_COMMENTS = YES;
				CLANG_WARN_EMPTY_BODY = YES;
				CLANG_WARN_ENUM_CONVERSION = YES;
				CLANG_WARN_INFINITE_RECURSION = YES;
				CLANG_WARN_INT_CONVERSION = YES;
				CLANG_WARN_NON_LITERAL_NULL_CONVERSION = YES;
				CLANG_WARN_OBJC_IMPLICIT_RETAIN_SELF = YES;
				CLANG_WARN_OBJC_LITERAL_CONVERSION = YES;
				CLANG_WARN_OBJC_ROOT_CLASS = YES_ERROR;
				CLANG_WARN_QUOTED_INCLUDE_IN_FRAMEWORK_HEADER = YES;
				CLANG_WARN_RANGE_LOOP_ANALYSIS = YES;
				CLANG_WARN_STRICT_PROTOTYPES = YES;
				CLANG_WARN_SUSPICIOUS_MOVE = YES;
				CLANG_WARN_UNGUARDED_AVAILABILITY = YES_AGGRESSIVE;
				CLANG_WARN_UNREACHABLE_CODE = YES;
				CLANG_WARN__DUPLICATE_METHOD_MATCH = YES;
				COPY_PHASE_STRIP = NO;
				DEBUG_INFORMATION_FORMAT = "dwarf-with-dsym";
				ENABLE_NS_ASSERTIONS = NO;
				ENABLE_STRICT_OBJC_MSGSEND = YES;
				GCC_C_LANGUAGE_STANDARD = gnu11;
				GCC_NO_COMMON_BLOCKS = YES;
				GCC_WARN_64_TO_32_BIT_CONVERSION = YES;
				GCC_WARN_ABOUT_RETURN_TYPE = YES_ERROR;
				GCC_WARN_UNDECLARED_SELECTOR = YES;
				GCC_WARN_UNINITIALIZED_AUTOS = YES_AGGRESSIVE;
				GCC_WARN_UNUSED_FUNCTION = YES;
				GCC_WARN_UNUSED_VARIABLE = YES;
				IPHONEOS_DEPLOYMENT_TARGET = 15.5;
				MTL_ENABLE_DEBUG_INFO = NO;
				MTL_FAST_MATH = YES;
				SDKROOT = iphoneos;
				SWIFT_COMPILATION_MODE = wholemodule;
				SWIFT_OPTIMIZATION_LEVEL = "-O";
				VALIDATE_PRODUCT = YES;
			};
			name = Release;
		};
		0DBCB53E2ACA9E9B00084934 /* Debug */ = {
			isa = XCBuildConfiguration;
			baseConfigurationReference = 726471E9FBCFCBB0F9A24411 /* Pods-Booster.debug.xcconfig */;
			buildSettings = {
				ASSETCATALOG_COMPILER_APPICON_NAME = AppIcon;
				ASSETCATALOG_COMPILER_GLOBAL_ACCENT_COLOR_NAME = AccentColor;
				CODE_SIGN_STYLE = Automatic;
				CURRENT_PROJECT_VERSION = 1;
				GENERATE_INFOPLIST_FILE = YES;
				INFOPLIST_FILE = Booster/Info.plist;
				INFOPLIST_KEY_UIApplicationSupportsIndirectInputEvents = YES;
				INFOPLIST_KEY_UILaunchStoryboardName = LaunchScreen;
				INFOPLIST_KEY_UIMainStoryboardFile = Main;
				INFOPLIST_KEY_UISupportedInterfaceOrientations_iPad = "UIInterfaceOrientationPortrait UIInterfaceOrientationPortraitUpsideDown UIInterfaceOrientationLandscapeLeft UIInterfaceOrientationLandscapeRight";
				INFOPLIST_KEY_UISupportedInterfaceOrientations_iPhone = "UIInterfaceOrientationPortrait UIInterfaceOrientationLandscapeLeft UIInterfaceOrientationLandscapeRight";
				IPHONEOS_DEPLOYMENT_TARGET = 14.0;
				LD_RUNPATH_SEARCH_PATHS = (
					"$(inherited)",
					"@executable_path/Frameworks",
				);
				MARKETING_VERSION = 1.0;
				PRODUCT_BUNDLE_IDENTIFIER = com.munizco.iosapp.BoosterApp;
				PRODUCT_NAME = "$(TARGET_NAME)";
				SWIFT_EMIT_LOC_STRINGS = YES;
				SWIFT_VERSION = 5.0;
				TARGETED_DEVICE_FAMILY = "1,2";
			};
			name = Debug;
		};
		0DBCB53F2ACA9E9B00084934 /* Release */ = {
			isa = XCBuildConfiguration;
			baseConfigurationReference = EF20FD24DE5A5E03C311D510 /* Pods-Booster.release.xcconfig */;
			buildSettings = {
				ASSETCATALOG_COMPILER_APPICON_NAME = AppIcon;
				ASSETCATALOG_COMPILER_GLOBAL_ACCENT_COLOR_NAME = AccentColor;
				CODE_SIGN_STYLE = Automatic;
				CURRENT_PROJECT_VERSION = 1;
				GENERATE_INFOPLIST_FILE = YES;
				INFOPLIST_FILE = Booster/Info.plist;
				INFOPLIST_KEY_UIApplicationSupportsIndirectInputEvents = YES;
				INFOPLIST_KEY_UILaunchStoryboardName = LaunchScreen;
				INFOPLIST_KEY_UIMainStoryboardFile = Main;
				INFOPLIST_KEY_UISupportedInterfaceOrientations_iPad = "UIInterfaceOrientationPortrait UIInterfaceOrientationPortraitUpsideDown UIInterfaceOrientationLandscapeLeft UIInterfaceOrientationLandscapeRight";
				INFOPLIST_KEY_UISupportedInterfaceOrientations_iPhone = "UIInterfaceOrientationPortrait UIInterfaceOrientationLandscapeLeft UIInterfaceOrientationLandscapeRight";
				IPHONEOS_DEPLOYMENT_TARGET = 14.0;
				LD_RUNPATH_SEARCH_PATHS = (
					"$(inherited)",
					"@executable_path/Frameworks",
				);
				MARKETING_VERSION = 1.0;
				PRODUCT_BUNDLE_IDENTIFIER = com.munizco.iosapp.BoosterApp;
				PRODUCT_NAME = "$(TARGET_NAME)";
				SWIFT_EMIT_LOC_STRINGS = YES;
				SWIFT_VERSION = 5.0;
				TARGETED_DEVICE_FAMILY = "1,2";
			};
			name = Release;
		};
/* End XCBuildConfiguration section */

/* Begin XCConfigurationList section */
		0DBCB5242ACA9E9900084934 /* Build configuration list for PBXProject "Booster" */ = {
			isa = XCConfigurationList;
			buildConfigurations = (
				0DBCB53B2ACA9E9B00084934 /* Debug */,
				0DBCB53C2ACA9E9B00084934 /* Release */,
			);
			defaultConfigurationIsVisible = 0;
			defaultConfigurationName = Release;
		};
		0DBCB53D2ACA9E9B00084934 /* Build configuration list for PBXNativeTarget "Booster" */ = {
			isa = XCConfigurationList;
			buildConfigurations = (
				0DBCB53E2ACA9E9B00084934 /* Debug */,
				0DBCB53F2ACA9E9B00084934 /* Release */,
			);
			defaultConfigurationIsVisible = 0;
			defaultConfigurationName = Release;
		};
/* End XCConfigurationList section */
	};
	rootObject = 0DBCB5212ACA9E9900084934 /* Project object */;
}
